
Microsoft Visual Studio Solution File, Format Version 12.00
# Visual Studio Version 17
VisualStudioVersion = 17.5.002.0
MinimumVisualStudioVersion = 10.0.40219.1
Project("{9A19103F-16F7-4668-BE54-9A1E7A4F7556}") = "DesafioFundamentos", "DesafioFundamentos\DesafioFundamentos.csproj", "{31D57817-D85A-463D-B62D-544F4635A762}"
EndProject
Global
	GlobalSection(SolutionConfigurationPlatforms) = preSolution
		Debug|Any CPU = Debug|Any CPU
		Release|Any CPU = Release|Any CPU
	EndGlobalSection
	GlobalSection(ProjectConfigurationPlatforms) = postSolution
		{31D57817-D85A-463D-B62D-544F4635A762}.Debug|Any CPU.ActiveCfg = Debug|Any CPU
		{31D57817-D85A-463D-B62D-544F4635A762}.Debug|Any CPU.Build.0 = Debug|Any CPU
		{31D57817-D85A-463D-B62D-544F4635A762}.Release|Any CPU.ActiveCfg = Release|Any CPU
		{31D57817-D85A-463D-B62D-544F4635A762}.Release|Any CPU.Build.0 = Release|Any CPU
	EndGlobalSection
	GlobalSection(SolutionProperties) = preSolution
		HideSolutionNode = FALSE
	EndGlobalSection
	GlobalSection(ExtensibilityGlobals) = postSolution
		SolutionGuid = {B90F16AF-6F53-4FA4-8206-F323309882E8}
	EndGlobalSection
EndGlobal
